
Microsoft Visual Studio Solution File, Format Version 12.00
# Visual Studio Version 17
VisualStudioVersion = 17.2.32526.322
MinimumVisualStudioVersion = 10.0.40219.1
Project("{FAE04EC0-301F-11D3-BF4B-00C04F79EFBC}") = "SqltoClass", "SqltoClass\SqltoClass.csproj", "{5293678D-0584-4F7F-97EB-B5D10AE2B43A}"
EndProject
Global
	GlobalSection(SolutionConfigurationPlatforms) = preSolution
		Debug|Any CPU = Debug|Any CPU
		Release|Any CPU = Release|Any CPU
	EndGlobalSection
	GlobalSection(ProjectConfigurationPlatforms) = postSolution
		{5293678D-0584-4F7F-97EB-B5D10AE2B43A}.Debug|Any CPU.ActiveCfg = Debug|Any CPU
		{5293678D-0584-4F7F-97EB-B5D10AE2B43A}.Debug|Any CPU.Build.0 = Debug|Any CPU
		{5293678D-0584-4F7F-97EB-B5D10AE2B43A}.Release|Any CPU.ActiveCfg = Release|Any CPU
		{5293678D-0584-4F7F-97EB-B5D10AE2B43A}.Release|Any CPU.Build.0 = Release|Any CPU
	EndGlobalSection
	GlobalSection(SolutionProperties) = preSolution
		HideSolutionNode = FALSE
	EndGlobalSection
	GlobalSection(ExtensibilityGlobals) = postSolution
		SolutionGuid = {BB94F64B-6C0C-4983-A27A-8AB1AC5F986E}
	EndGlobalSection
EndGlobal
